
Microsoft Visual Studio Solution File, Format Version 12.00
# Visual Studio Version 17
VisualStudioVersion = 17.0.31903.59
MinimumVisualStudioVersion = 10.0.40219.1
Project("{2150E333-8FDC-42A3-9474-1A3956D46DE8}") = "src", "src", "{B61B5A73-CBC7-4C66-BC59-ED108AE71D62}"
EndProject
Project("{FAE04EC0-301F-11D3-BF4B-00C04F79EFBC}") = "PopVault.Domain", "src\PopVault.Domain\PopVault.Domain.csproj", "{E6E1827B-2F24-4580-8D7E-F8D841693914}"
EndProject
Project("{FAE04EC0-301F-11D3-BF4B-00C04F79EFBC}") = "PopVault.Application", "src\PopVault.Application\PopVault.Application.csproj", "{739FCCD2-554B-4424-92C3-C05683D17FC0}"
EndProject
Project("{FAE04EC0-301F-11D3-BF4B-00C04F79EFBC}") = "PopVault.Infrastructure", "src\PopVault.Infrastructure\PopVault.Infrastructure.csproj", "{15FF8622-0CA1-4508-A93F-483FAEFE11EA}"
EndProject
Project("{FAE04EC0-301F-11D3-BF4B-00C04F79EFBC}") = "PopVault.ConsoleApp", "src\PopVault.ConsoleApp\PopVault.ConsoleApp.csproj", "{8A7C0F0B-850E-4496-A537-DF4743C6ECC1}"
EndProject
Project("{2150E333-8FDC-42A3-9474-1A3956D46DE8}") = "backend", "backend", "{5A83D100-A780-4DA0-97AB-24149FFC3E32}"
EndProject
Project("{2150E333-8FDC-42A3-9474-1A3956D46DE8}") = "src", "src", "{8B6F0E33-4DCD-4A33-B453-5BD644D5E889}"
EndProject
Project("{FAE04EC0-301F-11D3-BF4B-00C04F79EFBC}") = "PopVault.API", "backend\src\PopVault.API\PopVault.API.csproj", "{79B19DF9-553F-44D4-9C69-937E34B7E884}"
EndProject
Global
	GlobalSection(SolutionConfigurationPlatforms) = preSolution
		Debug|Any CPU = Debug|Any CPU
		Release|Any CPU = Release|Any CPU
	EndGlobalSection
	GlobalSection(SolutionProperties) = preSolution
		HideSolutionNode = FALSE
	EndGlobalSection
	GlobalSection(ProjectConfigurationPlatforms) = postSolution
		{E6E1827B-2F24-4580-8D7E-F8D841693914}.Debug|Any CPU.ActiveCfg = Debug|Any CPU
		{E6E1827B-2F24-4580-8D7E-F8D841693914}.Debug|Any CPU.Build.0 = Debug|Any CPU
		{E6E1827B-2F24-4580-8D7E-F8D841693914}.Release|Any CPU.ActiveCfg = Release|Any CPU
		{E6E1827B-2F24-4580-8D7E-F8D841693914}.Release|Any CPU.Build.0 = Release|Any CPU
		{739FCCD2-554B-4424-92C3-C05683D17FC0}.Debug|Any CPU.ActiveCfg = Debug|Any CPU
		{739FCCD2-554B-4424-92C3-C05683D17FC0}.Debug|Any CPU.Build.0 = Debug|Any CPU
		{739FCCD2-554B-4424-92C3-C05683D17FC0}.Release|Any CPU.ActiveCfg = Release|Any CPU
		{739FCCD2-554B-4424-92C3-C05683D17FC0}.Release|Any CPU.Build.0 = Release|Any CPU
		{15FF8622-0CA1-4508-A93F-483FAEFE11EA}.Debug|Any CPU.ActiveCfg = Debug|Any CPU
		{15FF8622-0CA1-4508-A93F-483FAEFE11EA}.Debug|Any CPU.Build.0 = Debug|Any CPU
		{15FF8622-0CA1-4508-A93F-483FAEFE11EA}.Release|Any CPU.ActiveCfg = Release|Any CPU
		{15FF8622-0CA1-4508-A93F-483FAEFE11EA}.Release|Any CPU.Build.0 = Release|Any CPU
		{8A7C0F0B-850E-4496-A537-DF4743C6ECC1}.Debug|Any CPU.ActiveCfg = Debug|Any CPU
		{8A7C0F0B-850E-4496-A537-DF4743C6ECC1}.Debug|Any CPU.Build.0 = Debug|Any CPU
		{8A7C0F0B-850E-4496-A537-DF4743C6ECC1}.Release|Any CPU.ActiveCfg = Release|Any CPU
		{8A7C0F0B-850E-4496-A537-DF4743C6ECC1}.Release|Any CPU.Build.0 = Release|Any CPU
		{79B19DF9-553F-44D4-9C69-937E34B7E884}.Debug|Any CPU.ActiveCfg = Debug|Any CPU
		{79B19DF9-553F-44D4-9C69-937E34B7E884}.Debug|Any CPU.Build.0 = Debug|Any CPU
		{79B19DF9-553F-44D4-9C69-937E34B7E884}.Release|Any CPU.ActiveCfg = Release|Any CPU
		{79B19DF9-553F-44D4-9C69-937E34B7E884}.Release|Any CPU.Build.0 = Release|Any CPU
	EndGlobalSection
	GlobalSection(NestedProjects) = preSolution
		{E6E1827B-2F24-4580-8D7E-F8D841693914} = {B61B5A73-CBC7-4C66-BC59-ED108AE71D62}
		{739FCCD2-554B-4424-92C3-C05683D17FC0} = {B61B5A73-CBC7-4C66-BC59-ED108AE71D62}
		{15FF8622-0CA1-4508-A93F-483FAEFE11EA} = {B61B5A73-CBC7-4C66-BC59-ED108AE71D62}
		{8A7C0F0B-850E-4496-A537-DF4743C6ECC1} = {B61B5A73-CBC7-4C66-BC59-ED108AE71D62}
		{8B6F0E33-4DCD-4A33-B453-5BD644D5E889} = {5A83D100-A780-4DA0-97AB-24149FFC3E32}
		{79B19DF9-553F-44D4-9C69-937E34B7E884} = {8B6F0E33-4DCD-4A33-B453-5BD644D5E889}
	EndGlobalSection
EndGlobal
